
Microsoft Visual Studio Solution File, Format Version 12.00
# Visual Studio Version 17
VisualStudioVersion = 17.3.32901.215
MinimumVisualStudioVersion = 10.0.40219.1
Project("{8BC9CEB8-8B4A-11D0-8D11-00A0C91BC942}") = "자료구조-트리", "자료구조-트리.vcxproj", "{1DFC8ADA-62AA-4AC6-898B-43007ABFD314}"
EndProject
Global
	GlobalSection(SolutionConfigurationPlatforms) = preSolution
		Debug|x64 = Debug|x64
		Debug|x86 = Debug|x86
		Release|x64 = Release|x64
		Release|x86 = Release|x86
	EndGlobalSection
	GlobalSection(ProjectConfigurationPlatforms) = postSolution
		{1DFC8ADA-62AA-4AC6-898B-43007ABFD314}.Debug|x64.ActiveCfg = Debug|x64
		{1DFC8ADA-62AA-4AC6-898B-43007ABFD314}.Debug|x64.Build.0 = Debug|x64
		{1DFC8ADA-62AA-4AC6-898B-43007ABFD314}.Debug|x86.ActiveCfg = Debug|Win32
		{1DFC8ADA-62AA-4AC6-898B-43007ABFD314}.Debug|x86.Build.0 = Debug|Win32
		{1DFC8ADA-62AA-4AC6-898B-43007ABFD314}.Release|x64.ActiveCfg = Release|x64
		{1DFC8ADA-62AA-4AC6-898B-43007ABFD314}.Release|x64.Build.0 = Release|x64
		{1DFC8ADA-62AA-4AC6-898B-43007ABFD314}.Release|x86.ActiveCfg = Release|Win32
		{1DFC8ADA-62AA-4AC6-898B-43007ABFD314}.Release|x86.Build.0 = Release|Win32
	EndGlobalSection
	GlobalSection(SolutionProperties) = preSolution
		HideSolutionNode = FALSE
	EndGlobalSection
	GlobalSection(ExtensibilityGlobals) = postSolution
		SolutionGuid = {A0F32FBD-F90C-445A-9967-6D24FD12B7D8}
	EndGlobalSection
EndGlobal
